
Microsoft Visual Studio Solution File, Format Version 12.00
# Visual Studio 15
VisualStudioVersion = 15.0.27130.2027
MinimumVisualStudioVersion = 10.0.40219.1
Project("{FAE04EC0-301F-11D3-BF4B-00C04F79EFBC}") = "AdventureWorks.EmployeeManager.Services", "AdventureWorks.EmployeeManager.Services\AdventureWorks.EmployeeManager.Services.csproj", "{ED4E6CC0-1791-4DBF-8D11-B65827C623F9}"
EndProject
Project("{FAE04EC0-301F-11D3-BF4B-00C04F79EFBC}") = "AdventureWorks.EmployeeManager.Presentation", "AdventureWorks.EmployeeManager.Presentation\AdventureWorks.EmployeeManager.Presentation.csproj", "{29D50211-4011-46A4-905C-C0AB430395AA}"
EndProject
Project("{FAE04EC0-301F-11D3-BF4B-00C04F79EFBC}") = "AdventureWorks.EmployeeManager.DatabaseAccesses", "AdventureWorks.EmployeeManager.DatabaseAccesses\AdventureWorks.EmployeeManager.DatabaseAccesses.csproj", "{F12357D3-08A1-446A-B463-30B551E82DDD}"
EndProject
Project("{FAE04EC0-301F-11D3-BF4B-00C04F79EFBC}") = "AdventureWorks.EmployeeManager.Usecases", "AdventureWorks.EmployeeManager.Usecases\AdventureWorks.EmployeeManager.Usecases.csproj", "{85C88235-2176-46A6-B802-05E29C161795}"
EndProject
Global
	GlobalSection(SolutionConfigurationPlatforms) = preSolution
		Debug|Any CPU = Debug|Any CPU
		Release|Any CPU = Release|Any CPU
	EndGlobalSection
	GlobalSection(ProjectConfigurationPlatforms) = postSolution
		{ED4E6CC0-1791-4DBF-8D11-B65827C623F9}.Debug|Any CPU.ActiveCfg = Debug|Any CPU
		{ED4E6CC0-1791-4DBF-8D11-B65827C623F9}.Debug|Any CPU.Build.0 = Debug|Any CPU
		{ED4E6CC0-1791-4DBF-8D11-B65827C623F9}.Release|Any CPU.ActiveCfg = Release|Any CPU
		{ED4E6CC0-1791-4DBF-8D11-B65827C623F9}.Release|Any CPU.Build.0 = Release|Any CPU
		{29D50211-4011-46A4-905C-C0AB430395AA}.Debug|Any CPU.ActiveCfg = Debug|Any CPU
		{29D50211-4011-46A4-905C-C0AB430395AA}.Debug|Any CPU.Build.0 = Debug|Any CPU
		{29D50211-4011-46A4-905C-C0AB430395AA}.Release|Any CPU.ActiveCfg = Release|Any CPU
		{29D50211-4011-46A4-905C-C0AB430395AA}.Release|Any CPU.Build.0 = Release|Any CPU
		{F12357D3-08A1-446A-B463-30B551E82DDD}.Debug|Any CPU.ActiveCfg = Debug|Any CPU
		{F12357D3-08A1-446A-B463-30B551E82DDD}.Debug|Any CPU.Build.0 = Debug|Any CPU
		{F12357D3-08A1-446A-B463-30B551E82DDD}.Release|Any CPU.ActiveCfg = Release|Any CPU
		{F12357D3-08A1-446A-B463-30B551E82DDD}.Release|Any CPU.Build.0 = Release|Any CPU
		{85C88235-2176-46A6-B802-05E29C161795}.Debug|Any CPU.ActiveCfg = Debug|Any CPU
		{85C88235-2176-46A6-B802-05E29C161795}.Debug|Any CPU.Build.0 = Debug|Any CPU
		{85C88235-2176-46A6-B802-05E29C161795}.Release|Any CPU.ActiveCfg = Release|Any CPU
		{85C88235-2176-46A6-B802-05E29C161795}.Release|Any CPU.Build.0 = Release|Any CPU
	EndGlobalSection
	GlobalSection(SolutionProperties) = preSolution
		HideSolutionNode = FALSE
	EndGlobalSection
	GlobalSection(ExtensibilityGlobals) = postSolution
		SolutionGuid = {3DBC3EFE-46D4-48D8-A688-094D9AF05FC3}
	EndGlobalSection
EndGlobal
