
Microsoft Visual Studio Solution File, Format Version 12.00
# Visual Studio 15
VisualStudioVersion = 15.0.27130.2027
MinimumVisualStudioVersion = 10.0.40219.1
Project("{FAE04EC0-301F-11D3-BF4B-00C04F79EFBC}") = "Presentation", "Presentation\Presentation.csproj", "{00AA122D-11E2-4F25-8F2C-4395FDC23886}"
EndProject
Project("{FAE04EC0-301F-11D3-BF4B-00C04F79EFBC}") = "DatabaseAccesses", "DatabaseAccesses\DatabaseAccesses.csproj", "{CA1E2B3B-5305-4D77-8176-0742FB0611AD}"
EndProject
Project("{FAE04EC0-301F-11D3-BF4B-00C04F79EFBC}") = "Services.Impl", "Services.Impl\Services.Impl.csproj", "{33513E86-35D0-4296-9C36-C38D5F3932F7}"
EndProject
Project("{FAE04EC0-301F-11D3-BF4B-00C04F79EFBC}") = "Services.Client", "Services.Client\Services.Client.csproj", "{423217B0-A67E-4A55-A436-2FA5816613E6}"
EndProject
Project("{FAE04EC0-301F-11D3-BF4B-00C04F79EFBC}") = "Services.Server", "Services.Server\Services.Server.csproj", "{9347007B-B595-4701-9F38-819DC7ECCCD9}"
EndProject
Project("{FAE04EC0-301F-11D3-BF4B-00C04F79EFBC}") = "Services", "Services\Services.csproj", "{FB2C8D73-0B54-4C43-827C-EE3C6A8B6E32}"
EndProject
Global
	GlobalSection(SolutionConfigurationPlatforms) = preSolution
		Debug|Any CPU = Debug|Any CPU
		Release|Any CPU = Release|Any CPU
	EndGlobalSection
	GlobalSection(ProjectConfigurationPlatforms) = postSolution
		{00AA122D-11E2-4F25-8F2C-4395FDC23886}.Debug|Any CPU.ActiveCfg = Debug|Any CPU
		{00AA122D-11E2-4F25-8F2C-4395FDC23886}.Debug|Any CPU.Build.0 = Debug|Any CPU
		{00AA122D-11E2-4F25-8F2C-4395FDC23886}.Release|Any CPU.ActiveCfg = Release|Any CPU
		{00AA122D-11E2-4F25-8F2C-4395FDC23886}.Release|Any CPU.Build.0 = Release|Any CPU
		{CA1E2B3B-5305-4D77-8176-0742FB0611AD}.Debug|Any CPU.ActiveCfg = Debug|Any CPU
		{CA1E2B3B-5305-4D77-8176-0742FB0611AD}.Debug|Any CPU.Build.0 = Debug|Any CPU
		{CA1E2B3B-5305-4D77-8176-0742FB0611AD}.Release|Any CPU.ActiveCfg = Release|Any CPU
		{CA1E2B3B-5305-4D77-8176-0742FB0611AD}.Release|Any CPU.Build.0 = Release|Any CPU
		{33513E86-35D0-4296-9C36-C38D5F3932F7}.Debug|Any CPU.ActiveCfg = Debug|Any CPU
		{33513E86-35D0-4296-9C36-C38D5F3932F7}.Debug|Any CPU.Build.0 = Debug|Any CPU
		{33513E86-35D0-4296-9C36-C38D5F3932F7}.Release|Any CPU.ActiveCfg = Release|Any CPU
		{33513E86-35D0-4296-9C36-C38D5F3932F7}.Release|Any CPU.Build.0 = Release|Any CPU
		{423217B0-A67E-4A55-A436-2FA5816613E6}.Debug|Any CPU.ActiveCfg = Debug|Any CPU
		{423217B0-A67E-4A55-A436-2FA5816613E6}.Debug|Any CPU.Build.0 = Debug|Any CPU
		{423217B0-A67E-4A55-A436-2FA5816613E6}.Release|Any CPU.ActiveCfg = Release|Any CPU
		{423217B0-A67E-4A55-A436-2FA5816613E6}.Release|Any CPU.Build.0 = Release|Any CPU
		{9347007B-B595-4701-9F38-819DC7ECCCD9}.Debug|Any CPU.ActiveCfg = Debug|Any CPU
		{9347007B-B595-4701-9F38-819DC7ECCCD9}.Debug|Any CPU.Build.0 = Debug|Any CPU
		{9347007B-B595-4701-9F38-819DC7ECCCD9}.Release|Any CPU.ActiveCfg = Release|Any CPU
		{9347007B-B595-4701-9F38-819DC7ECCCD9}.Release|Any CPU.Build.0 = Release|Any CPU
		{FB2C8D73-0B54-4C43-827C-EE3C6A8B6E32}.Debug|Any CPU.ActiveCfg = Debug|Any CPU
		{FB2C8D73-0B54-4C43-827C-EE3C6A8B6E32}.Debug|Any CPU.Build.0 = Debug|Any CPU
		{FB2C8D73-0B54-4C43-827C-EE3C6A8B6E32}.Release|Any CPU.ActiveCfg = Release|Any CPU
		{FB2C8D73-0B54-4C43-827C-EE3C6A8B6E32}.Release|Any CPU.Build.0 = Release|Any CPU
	EndGlobalSection
	GlobalSection(SolutionProperties) = preSolution
		HideSolutionNode = FALSE
	EndGlobalSection
	GlobalSection(ExtensibilityGlobals) = postSolution
		SolutionGuid = {8D129573-F7EA-48A5-8D6A-511C194255D9}
	EndGlobalSection
EndGlobal
