
Microsoft Visual Studio Solution File, Format Version 12.00
# Visual Studio 15
VisualStudioVersion = 15.0.27130.2027
MinimumVisualStudioVersion = 10.0.40219.1
Project("{FAE04EC0-301F-11D3-BF4B-00C04F79EFBC}") = "Presentation", "Presentation\Presentation.csproj", "{00AA122D-11E2-4F25-8F2C-4395FDC23886}"
EndProject
Project("{FAE04EC0-301F-11D3-BF4B-00C04F79EFBC}") = "Domain.Usecases", "Domain.Usecases\Domain.Usecases.csproj", "{1C470A6E-14CC-4CE0-9879-511744395B80}"
EndProject
Project("{FAE04EC0-301F-11D3-BF4B-00C04F79EFBC}") = "Domain.DataAccesses", "Domain.DataAccesses\Domain.DataAccesses.csproj", "{22088818-0F3E-449C-AD66-AF4899B950AF}"
EndProject
Global
	GlobalSection(SolutionConfigurationPlatforms) = preSolution
		Debug|Any CPU = Debug|Any CPU
		Release|Any CPU = Release|Any CPU
	EndGlobalSection
	GlobalSection(ProjectConfigurationPlatforms) = postSolution
		{00AA122D-11E2-4F25-8F2C-4395FDC23886}.Debug|Any CPU.ActiveCfg = Debug|Any CPU
		{00AA122D-11E2-4F25-8F2C-4395FDC23886}.Debug|Any CPU.Build.0 = Debug|Any CPU
		{00AA122D-11E2-4F25-8F2C-4395FDC23886}.Release|Any CPU.ActiveCfg = Release|Any CPU
		{00AA122D-11E2-4F25-8F2C-4395FDC23886}.Release|Any CPU.Build.0 = Release|Any CPU
		{1C470A6E-14CC-4CE0-9879-511744395B80}.Debug|Any CPU.ActiveCfg = Debug|Any CPU
		{1C470A6E-14CC-4CE0-9879-511744395B80}.Debug|Any CPU.Build.0 = Debug|Any CPU
		{1C470A6E-14CC-4CE0-9879-511744395B80}.Release|Any CPU.ActiveCfg = Release|Any CPU
		{1C470A6E-14CC-4CE0-9879-511744395B80}.Release|Any CPU.Build.0 = Release|Any CPU
		{22088818-0F3E-449C-AD66-AF4899B950AF}.Debug|Any CPU.ActiveCfg = Debug|Any CPU
		{22088818-0F3E-449C-AD66-AF4899B950AF}.Debug|Any CPU.Build.0 = Debug|Any CPU
		{22088818-0F3E-449C-AD66-AF4899B950AF}.Release|Any CPU.ActiveCfg = Release|Any CPU
		{22088818-0F3E-449C-AD66-AF4899B950AF}.Release|Any CPU.Build.0 = Release|Any CPU
	EndGlobalSection
	GlobalSection(SolutionProperties) = preSolution
		HideSolutionNode = FALSE
	EndGlobalSection
	GlobalSection(ExtensibilityGlobals) = postSolution
		SolutionGuid = {8D129573-F7EA-48A5-8D6A-511C194255D9}
	EndGlobalSection
EndGlobal
